
Microsoft Visual Studio Solution File, Format Version 12.00
# Visual Studio Version 16
VisualStudioVersion = 16.0.30517.126
MinimumVisualStudioVersion = 10.0.40219.1
Project("{FAE04EC0-301F-11D3-BF4B-00C04F79EFBC}") = "Array and Loops 4", "Array and Loops 4.csproj", "{9CFE9F67-7BCB-4938-B85F-51396893F6F5}"
EndProject
Global
	GlobalSection(SolutionConfigurationPlatforms) = preSolution
		Debug|Any CPU = Debug|Any CPU
		Release|Any CPU = Release|Any CPU
	EndGlobalSection
	GlobalSection(ProjectConfigurationPlatforms) = postSolution
		{9CFE9F67-7BCB-4938-B85F-51396893F6F5}.Debug|Any CPU.ActiveCfg = Debug|Any CPU
		{9CFE9F67-7BCB-4938-B85F-51396893F6F5}.Debug|Any CPU.Build.0 = Debug|Any CPU
		{9CFE9F67-7BCB-4938-B85F-51396893F6F5}.Release|Any CPU.ActiveCfg = Release|Any CPU
		{9CFE9F67-7BCB-4938-B85F-51396893F6F5}.Release|Any CPU.Build.0 = Release|Any CPU
	EndGlobalSection
	GlobalSection(SolutionProperties) = preSolution
		HideSolutionNode = FALSE
	EndGlobalSection
	GlobalSection(ExtensibilityGlobals) = postSolution
		SolutionGuid = {96F31E4D-4BFA-4254-AF82-C494CCC15B2E}
	EndGlobalSection
EndGlobal
