
Microsoft Visual Studio Solution File, Format Version 12.00
# Visual Studio Version 16
VisualStudioVersion = 16.0.30517.126
MinimumVisualStudioVersion = 10.0.40219.1
Project("{FAE04EC0-301F-11D3-BF4B-00C04F79EFBC}") = "Array and Loops 2", "Array and Loops 2.csproj", "{663149C0-7381-4F0A-8229-AA71D8B1E9EE}"
EndProject
Global
	GlobalSection(SolutionConfigurationPlatforms) = preSolution
		Debug|Any CPU = Debug|Any CPU
		Release|Any CPU = Release|Any CPU
	EndGlobalSection
	GlobalSection(ProjectConfigurationPlatforms) = postSolution
		{663149C0-7381-4F0A-8229-AA71D8B1E9EE}.Debug|Any CPU.ActiveCfg = Debug|Any CPU
		{663149C0-7381-4F0A-8229-AA71D8B1E9EE}.Debug|Any CPU.Build.0 = Debug|Any CPU
		{663149C0-7381-4F0A-8229-AA71D8B1E9EE}.Release|Any CPU.ActiveCfg = Release|Any CPU
		{663149C0-7381-4F0A-8229-AA71D8B1E9EE}.Release|Any CPU.Build.0 = Release|Any CPU
	EndGlobalSection
	GlobalSection(SolutionProperties) = preSolution
		HideSolutionNode = FALSE
	EndGlobalSection
	GlobalSection(ExtensibilityGlobals) = postSolution
		SolutionGuid = {6A8CD4ED-5236-4768-B87C-F759548C1F43}
	EndGlobalSection
EndGlobal
